
Microsoft Visual Studio Solution File, Format Version 12.00
Project("{FAE04EC0-301F-11D3-BF4B-00C04F79EFBC}") = "Portfolio.UI", "Portfolio.UI\Portfolio.UI.csproj", "{0235EBD6-C7B2-4A06-9D76-84C12F3810EB}"
EndProject
Global
	GlobalSection(SolutionConfigurationPlatforms) = preSolution
		Debug|Any CPU = Debug|Any CPU
		Release|Any CPU = Release|Any CPU
	EndGlobalSection
	GlobalSection(ProjectConfigurationPlatforms) = postSolution
		{0235EBD6-C7B2-4A06-9D76-84C12F3810EB}.Debug|Any CPU.ActiveCfg = Debug|Any CPU
		{0235EBD6-C7B2-4A06-9D76-84C12F3810EB}.Debug|Any CPU.Build.0 = Debug|Any CPU
		{0235EBD6-C7B2-4A06-9D76-84C12F3810EB}.Release|Any CPU.ActiveCfg = Release|Any CPU
		{0235EBD6-C7B2-4A06-9D76-84C12F3810EB}.Release|Any CPU.Build.0 = Release|Any CPU
	EndGlobalSection
EndGlobal
